
Microsoft Visual Studio Solution File, Format Version 12.00
# Visual Studio Version 16
VisualStudioVersion = 16.0.29806.167
MinimumVisualStudioVersion = 10.0.40219.1
Project("{FAE04EC0-301F-11D3-BF4B-00C04F79EFBC}") = "TodoAPI-2", "TodoAPI-2\TodoAPI-2.csproj", "{AB845016-E601-4697-8E60-E3012D0B9255}"
EndProject
Project("{FAE04EC0-301F-11D3-BF4B-00C04F79EFBC}") = "TodoAPI-2.Tests", "TodoAPI-2.Tests\TodoAPI-2.Tests.csproj", "{4BC44F01-C437-4F31-ADC7-DB618CEACB6B}"
EndProject
Global
	GlobalSection(SolutionConfigurationPlatforms) = preSolution
		Debug|Any CPU = Debug|Any CPU
		Release|Any CPU = Release|Any CPU
	EndGlobalSection
	GlobalSection(ProjectConfigurationPlatforms) = postSolution
		{AB845016-E601-4697-8E60-E3012D0B9255}.Debug|Any CPU.ActiveCfg = Debug|Any CPU
		{AB845016-E601-4697-8E60-E3012D0B9255}.Debug|Any CPU.Build.0 = Debug|Any CPU
		{AB845016-E601-4697-8E60-E3012D0B9255}.Release|Any CPU.ActiveCfg = Release|Any CPU
		{AB845016-E601-4697-8E60-E3012D0B9255}.Release|Any CPU.Build.0 = Release|Any CPU
		{4BC44F01-C437-4F31-ADC7-DB618CEACB6B}.Debug|Any CPU.ActiveCfg = Debug|Any CPU
		{4BC44F01-C437-4F31-ADC7-DB618CEACB6B}.Debug|Any CPU.Build.0 = Debug|Any CPU
		{4BC44F01-C437-4F31-ADC7-DB618CEACB6B}.Release|Any CPU.ActiveCfg = Release|Any CPU
		{4BC44F01-C437-4F31-ADC7-DB618CEACB6B}.Release|Any CPU.Build.0 = Release|Any CPU
	EndGlobalSection
	GlobalSection(SolutionProperties) = preSolution
		HideSolutionNode = FALSE
	EndGlobalSection
	GlobalSection(ExtensibilityGlobals) = postSolution
		SolutionGuid = {7CBF4A69-229D-4D8E-87F4-ABB93DD2C710}
	EndGlobalSection
EndGlobal
